// !$*UTF8*$!
{
	archiveVersion = 1;
	classes = {
	};
	objectVersion = 50;
	objects = {

/* Begin PBXBuildFile section */
		020D86FE26CE74AA0099D2D1 /* Models in Resources */ = {isa = PBXBuildFile; fileRef = 020D86FD26CE74AA0099D2D1 /* Models */; };
		020D870426CE77850099D2D1 /* Restaurant.json in Resources */ = {isa = PBXBuildFile; fileRef = 020D870326CE77850099D2D1 /* Restaurant.json */; };
		020D870826CE7ABD0099D2D1 /* Cells in Resources */ = {isa = PBXBuildFile; fileRef = 020D870726CE7ABD0099D2D1 /* Cells */; };
		020D870B26CE7F5C0099D2D1 /* Main.storyboard in Resources */ = {isa = PBXBuildFile; fileRef = 020D870A26CE7F5C0099D2D1 /* Main.storyboard */; };
		020D870D26CE7F8C0099D2D1 /* Main.storyboard in Resources */ = {isa = PBXBuildFile; fileRef = 020D870C26CE7F8C0099D2D1 /* Main.storyboard */; };
		020D871926CE86040099D2D1 /* Data.swift in Sources */ = {isa = PBXBuildFile; fileRef = 020D871826CE86040099D2D1 /* Data.swift */; };
		020D871B26CE87CB0099D2D1 /* ViewController.swift in Sources */ = {isa = PBXBuildFile; fileRef = 020D871A26CE87CB0099D2D1 /* ViewController.swift */; };
		020D871D26CE87D50099D2D1 /* ProductsModel.swift in Sources */ = {isa = PBXBuildFile; fileRef = 020D871C26CE87D50099D2D1 /* ProductsModel.swift */; };
		0225E7A626CE6FC1002DC407 /* AppDelegate.swift in Sources */ = {isa = PBXBuildFile; fileRef = 0225E7A526CE6FC1002DC407 /* AppDelegate.swift */; };
		0225E7A826CE6FC1002DC407 /* SceneDelegate.swift in Sources */ = {isa = PBXBuildFile; fileRef = 0225E7A726CE6FC1002DC407 /* SceneDelegate.swift */; };
		0225E7AF26CE6FC2002DC407 /* Assets.xcassets in Resources */ = {isa = PBXBuildFile; fileRef = 0225E7AE26CE6FC2002DC407 /* Assets.xcassets */; };
		0225E7B226CE6FC2002DC407 /* LaunchScreen.storyboard in Resources */ = {isa = PBXBuildFile; fileRef = 0225E7B026CE6FC2002DC407 /* LaunchScreen.storyboard */; };
/* End PBXBuildFile section */

/* Begin PBXFileReference section */
		020D86FD26CE74AA0099D2D1 /* Models */ = {isa = PBXFileReference; lastKnownFileType = folder; name = Models; path = ../../../PKT_FindU/PKT_FindU/Models; sourceTree = "<group>"; };
		020D870326CE77850099D2D1 /* Restaurant.json */ = {isa = PBXFileReference; fileEncoding = 4; lastKnownFileType = text.json; name = Restaurant.json; path = ../../../../.Trash/Restaurant.json; sourceTree = "<group>"; };
		020D870726CE7ABD0099D2D1 /* Cells */ = {isa = PBXFileReference; lastKnownFileType = folder; name = Cells; path = ../../../../.Trash/Cells; sourceTree = "<group>"; };
		020D870A26CE7F5C0099D2D1 /* Main.storyboard */ = {isa = PBXFileReference; lastKnownFileType = file.storyboard; path = Main.storyboard; sourceTree = "<group>"; };
		020D870C26CE7F8C0099D2D1 /* Main.storyboard */ = {isa = PBXFileReference; fileEncoding = 4; lastKnownFileType = file.storyboard; name = Main.storyboard; path = ../../../../.Trash/Main.storyboard; sourceTree = "<group>"; };
		020D871826CE86040099D2D1 /* Data.swift */ = {isa = PBXFileReference; fileEncoding = 4; lastKnownFileType = sourcecode.swift; name = Data.swift; path = ../../../PKT_FindU/PKT_FindU/Models/Data.swift; sourceTree = "<group>"; };
		020D871A26CE87CB0099D2D1 /* ViewController.swift */ = {isa = PBXFileReference; fileEncoding = 4; lastKnownFileType = sourcecode.swift; name = ViewController.swift; path = ../../../PKT_FindU/PKT_FindU/Models/ViewController.swift; sourceTree = "<group>"; };
		020D871C26CE87D50099D2D1 /* ProductsModel.swift */ = {isa = PBXFileReference; fileEncoding = 4; lastKnownFileType = sourcecode.swift; name = ProductsModel.swift; path = ../../../PKT_FindU/PKT_FindU/Models/ProductsModel.swift; sourceTree = "<group>"; };
		0225E7A226CE6FC1002DC407 /* FindU.app */ = {isa = PBXFileReference; explicitFileType = wrapper.application; includeInIndex = 0; path = FindU.app; sourceTree = BUILT_PRODUCTS_DIR; };
		0225E7A526CE6FC1002DC407 /* AppDelegate.swift */ = {isa = PBXFileReference; lastKnownFileType = sourcecode.swift; path = AppDelegate.swift; sourceTree = "<group>"; };
		0225E7A726CE6FC1002DC407 /* SceneDelegate.swift */ = {isa = PBXFileReference; lastKnownFileType = sourcecode.swift; path = SceneDelegate.swift; sourceTree = "<group>"; };
		0225E7AE26CE6FC2002DC407 /* Assets.xcassets */ = {isa = PBXFileReference; lastKnownFileType = folder.assetcatalog; path = Assets.xcassets; sourceTree = "<group>"; };
		0225E7B126CE6FC2002DC407 /* Base */ = {isa = PBXFileReference; lastKnownFileType = file.storyboard; name = Base; path = Base.lproj/LaunchScreen.storyboard; sourceTree = "<group>"; };
		0225E7B326CE6FC2002DC407 /* Info.plist */ = {isa = PBXFileReference; lastKnownFileType = text.plist.xml; path = Info.plist; sourceTree = "<group>"; };
/* End PBXFileReference section */

/* Begin PBXFrameworksBuildPhase section */
		0225E79F26CE6FC1002DC407 /* Frameworks */ = {
			isa = PBXFrameworksBuildPhase;
			buildActionMask = 2147483647;
			files = (
			);
			runOnlyForDeploymentPostprocessing = 0;
		};
/* End PBXFrameworksBuildPhase section */

/* Begin PBXGroup section */
		020D870926CE7F1B0099D2D1 /* StoryBoard */ = {
			isa = PBXGroup;
			children = (
				020D870A26CE7F5C0099D2D1 /* Main.storyboard */,
			);
			path = StoryBoard;
			sourceTree = "<group>";
		};
		0225E79926CE6FC1002DC407 = {
			isa = PBXGroup;
			children = (
				0225E7A426CE6FC1002DC407 /* FindU */,
				0225E7A326CE6FC1002DC407 /* Products */,
			);
			sourceTree = "<group>";
		};
		0225E7A326CE6FC1002DC407 /* Products */ = {
			isa = PBXGroup;
			children = (
				0225E7A226CE6FC1002DC407 /* FindU.app */,
			);
			name = Products;
			sourceTree = "<group>";
		};
		0225E7A426CE6FC1002DC407 /* FindU */ = {
			isa = PBXGroup;
			children = (
				020D870926CE7F1B0099D2D1 /* StoryBoard */,
				020D870726CE7ABD0099D2D1 /* Cells */,
				020D86FD26CE74AA0099D2D1 /* Models */,
				020D870326CE77850099D2D1 /* Restaurant.json */,
				020D871C26CE87D50099D2D1 /* ProductsModel.swift */,
				0225E7A526CE6FC1002DC407 /* AppDelegate.swift */,
				020D871A26CE87CB0099D2D1 /* ViewController.swift */,
				0225E7A726CE6FC1002DC407 /* SceneDelegate.swift */,
				020D871826CE86040099D2D1 /* Data.swift */,
				020D870C26CE7F8C0099D2D1 /* Main.storyboard */,
				0225E7AE26CE6FC2002DC407 /* Assets.xcassets */,
				0225E7B026CE6FC2002DC407 /* LaunchScreen.storyboard */,
				0225E7B326CE6FC2002DC407 /* Info.plist */,
			);
			path = FindU;
			sourceTree = "<group>";
		};
/* End PBXGroup section */

/* Begin PBXNativeTarget section */
		0225E7A126CE6FC1002DC407 /* FindU */ = {
			isa = PBXNativeTarget;
			buildConfigurationList = 0225E7B626CE6FC2002DC407 /* Build configuration list for PBXNativeTarget "FindU" */;
			buildPhases = (
				0225E79E26CE6FC1002DC407 /* Sources */,
				0225E79F26CE6FC1002DC407 /* Frameworks */,
				0225E7A026CE6FC1002DC407 /* Resources */,
			);
			buildRules = (
			);
			dependencies = (
			);
			name = FindU;
			productName = FindU;
			productReference = 0225E7A226CE6FC1002DC407 /* FindU.app */;
			productType = "com.apple.product-type.application";
		};
/* End PBXNativeTarget section */

/* Begin PBXProject section */
		0225E79A26CE6FC1002DC407 /* Project object */ = {
			isa = PBXProject;
			attributes = {
				LastSwiftUpdateCheck = 1250;
				LastUpgradeCheck = 1250;
				TargetAttributes = {
					0225E7A126CE6FC1002DC407 = {
						CreatedOnToolsVersion = 12.5.1;
					};
				};
			};
			buildConfigurationList = 0225E79D26CE6FC1002DC407 /* Build configuration list for PBXProject "FindU" */;
			compatibilityVersion = "Xcode 9.3";
			developmentRegion = en;
			hasScannedForEncodings = 0;
			knownRegions = (
				en,
				Base,
			);
			mainGroup = 0225E79926CE6FC1002DC407;
			productRefGroup = 0225E7A326CE6FC1002DC407 /* Products */;
			projectDirPath = "";
			projectRoot = "";
			targets = (
				0225E7A126CE6FC1002DC407 /* FindU */,
			);
		};
/* End PBXProject section */

/* Begin PBXResourcesBuildPhase section */
		0225E7A026CE6FC1002DC407 /* Resources */ = {
			isa = PBXResourcesBuildPhase;
			buildActionMask = 2147483647;
			files = (
				020D870D26CE7F8C0099D2D1 /* Main.storyboard in Resources */,
				020D870B26CE7F5C0099D2D1 /* Main.storyboard in Resources */,
				020D870426CE77850099D2D1 /* Restaurant.json in Resources */,
				020D870826CE7ABD0099D2D1 /* Cells in Resources */,
				020D86FE26CE74AA0099D2D1 /* Models in Resources */,
				0225E7B226CE6FC2002DC407 /* LaunchScreen.storyboard in Resources */,
				0225E7AF26CE6FC2002DC407 /* Assets.xcassets in Resources */,
			);
			runOnlyForDeploymentPostprocessing = 0;
		};
/* End PBXResourcesBuildPhase section */

/* Begin PBXSourcesBuildPhase section */
		0225E79E26CE6FC1002DC407 /* Sources */ = {
			isa = PBXSourcesBuildPhase;
			buildActionMask = 2147483647;
			files = (
				0225E7A626CE6FC1002DC407 /* AppDelegate.swift in Sources */,
				020D871D26CE87D50099D2D1 /* ProductsModel.swift in Sources */,
				0225E7A826CE6FC1002DC407 /* SceneDelegate.swift in Sources */,
				020D871B26CE87CB0099D2D1 /* ViewController.swift in Sources */,
				020D871926CE86040099D2D1 /* Data.swift in Sources */,
			);
			runOnlyForDeploymentPostprocessing = 0;
		};
/* End PBXSourcesBuildPhase section */

/* Begin PBXVariantGroup section */
		0225E7B026CE6FC2002DC407 /* LaunchScreen.storyboard */ = {
			isa = PBXVariantGroup;
			children = (
				0225E7B126CE6FC2002DC407 /* Base */,
			);
			name = LaunchScreen.storyboard;
			sourceTree = "<group>";
		};
/* End PBXVariantGroup section */

/* Begin XCBuildConfiguration section */
		0225E7B426CE6FC2002DC407 /* Debug */ = {
			isa = XCBuildConfiguration;
			buildSettings = {
				ALWAYS_SEARCH_USER_PATHS = NO;
				CLANG_ANALYZER_NONNULL = YES;
				CLANG_ANALYZER_NUMBER_OBJECT_CONVERSION = YES_AGGRESSIVE;
				CLANG_CXX_LANGUAGE_STANDARD = "gnu++14";
				CLANG_CXX_LIBRARY = "libc++";
				CLANG_ENABLE_MODULES = YES;
				CLANG_ENABLE_OBJC_ARC = YES;
				CLANG_ENABLE_OBJC_WEAK = YES;
				CLANG_WARN_BLOCK_CAPTURE_AUTORELEASING = YES;
				CLANG_WARN_BOOL_CONVERSION = YES;
				CLANG_WARN_COMMA = YES;
				CLANG_WARN_CONSTANT_CONVERSION = YES;
				CLANG_WARN_DEPRECATED_OBJC_IMPLEMENTATIONS = YES;
				CLANG_WARN_DIRECT_OBJC_ISA_USAGE = YES_ERROR;
				CLANG_WARN_DOCUMENTATION_COMMENTS = YES;
				CLANG_WARN_EMPTY_BODY = YES;
				CLANG_WARN_ENUM_CONVERSION = YES;
				CLANG_WARN_INFINITE_RECURSION = YES;
				CLANG_WARN_INT_CONVERSION = YES;
				CLANG_WARN_NON_LITERAL_NULL_CONVERSION = YES;
				CLANG_WARN_OBJC_IMPLICIT_RETAIN_SELF = YES;
				CLANG_WARN_OBJC_LITERAL_CONVERSION = YES;
				CLANG_WARN_OBJC_ROOT_CLASS = YES_ERROR;
				CLANG_WARN_QUOTED_INCLUDE_IN_FRAMEWORK_HEADER = YES;
				CLANG_WARN_RANGE_LOOP_ANALYSIS = YES;
				CLANG_WARN_STRICT_PROTOTYPES = YES;
				CLANG_WARN_SUSPICIOUS_MOVE = YES;
				CLANG_WARN_UNGUARDED_AVAILABILITY = YES_AGGRESSIVE;
				CLANG_WARN_UNREACHABLE_CODE = YES;
				CLANG_WARN__DUPLICATE_METHOD_MATCH = YES;
				COPY_PHASE_STRIP = NO;
				DEBUG_INFORMATION_FORMAT = dwarf;
				ENABLE_STRICT_OBJC_MSGSEND = YES;
				ENABLE_TESTABILITY = YES;
				GCC_C_LANGUAGE_STANDARD = gnu11;
				GCC_DYNAMIC_NO_PIC = NO;
				GCC_NO_COMMON_BLOCKS = YES;
				GCC_OPTIMIZATION_LEVEL = 0;
				GCC_PREPROCESSOR_DEFINITIONS = (
					"DEBUG=1",
					"$(inherited)",
				);
				GCC_WARN_64_TO_32_BIT_CONVERSION = YES;
				GCC_WARN_ABOUT_RETURN_TYPE = YES_ERROR;
				GCC_WARN_UNDECLARED_SELECTOR = YES;
				GCC_WARN_UNINITIALIZED_AUTOS = YES_AGGRESSIVE;
				GCC_WARN_UNUSED_FUNCTION = YES;
				GCC_WARN_UNUSED_VARIABLE = YES;
				IPHONEOS_DEPLOYMENT_TARGET = 14.5;
				MTL_ENABLE_DEBUG_INFO = INCLUDE_SOURCE;
				MTL_FAST_MATH = YES;
				ONLY_ACTIVE_ARCH = YES;
				SDKROOT = iphoneos;
				SWIFT_ACTIVE_COMPILATION_CONDITIONS = DEBUG;
				SWIFT_OPTIMIZATION_LEVEL = "-Onone";
			};
			name = Debug;
		};
		0225E7B526CE6FC2002DC407 /* Release */ = {
			isa = XCBuildConfiguration;
			buildSettings = {
				ALWAYS_SEARCH_USER_PATHS = NO;
				CLANG_ANALYZER_NONNULL = YES;
				CLANG_ANALYZER_NUMBER_OBJECT_CONVERSION = YES_AGGRESSIVE;
				CLANG_CXX_LANGUAGE_STANDARD = "gnu++14";
				CLANG_CXX_LIBRARY = "libc++";
				CLANG_ENABLE_MODULES = YES;
				CLANG_ENABLE_OBJC_ARC = YES;
				CLANG_ENABLE_OBJC_WEAK = YES;
				CLANG_WARN_BLOCK_CAPTURE_AUTORELEASING = YES;
				CLANG_WARN_BOOL_CONVERSION = YES;
				CLANG_WARN_COMMA = YES;
				CLANG_WARN_CONSTANT_CONVERSION = YES;
				CLANG_WARN_DEPRECATED_OBJC_IMPLEMENTATIONS = YES;
				CLANG_WARN_DIRECT_OBJC_ISA_USAGE = YES_ERROR;
				CLANG_WARN_DOCUMENTATION_COMMENTS = YES;
				CLANG_WARN_EMPTY_BODY = YES;
				CLANG_WARN_ENUM_CONVERSION = YES;
				CLANG_WARN_INFINITE_RECURSION = YES;
				CLANG_WARN_INT_CONVERSION = YES;
				CLANG_WARN_NON_LITERAL_NULL_CONVERSION = YES;
				CLANG_WARN_OBJC_IMPLICIT_RETAIN_SELF = YES;
				CLANG_WARN_OBJC_LITERAL_CONVERSION = YES;
				CLANG_WARN_OBJC_ROOT_CLASS = YES_ERROR;
				CLANG_WARN_QUOTED_INCLUDE_IN_FRAMEWORK_HEADER = YES;
				CLANG_WARN_RANGE_LOOP_ANALYSIS = YES;
				CLANG_WARN_STRICT_PROTOTYPES = YES;
				CLANG_WARN_SUSPICIOUS_MOVE = YES;
				CLANG_WARN_UNGUARDED_AVAILABILITY = YES_AGGRESSIVE;
				CLANG_WARN_UNREACHABLE_CODE = YES;
				CLANG_WARN__DUPLICATE_METHOD_MATCH = YES;
				COPY_PHASE_STRIP = NO;
				DEBUG_INFORMATION_FORMAT = "dwarf-with-dsym";
				ENABLE_NS_ASSERTIONS = NO;
				ENABLE_STRICT_OBJC_MSGSEND = YES;
				GCC_C_LANGUAGE_STANDARD = gnu11;
				GCC_NO_COMMON_BLOCKS = YES;
				GCC_WARN_64_TO_32_BIT_CONVERSION = YES;
				GCC_WARN_ABOUT_RETURN_TYPE = YES_ERROR;
				GCC_WARN_UNDECLARED_SELECTOR = YES;
				GCC_WARN_UNINITIALIZED_AUTOS = YES_AGGRESSIVE;
				GCC_WARN_UNUSED_FUNCTION = YES;
				GCC_WARN_UNUSED_VARIABLE = YES;
				IPHONEOS_DEPLOYMENT_TARGET = 14.5;
				MTL_ENABLE_DEBUG_INFO = NO;
				MTL_FAST_MATH = YES;
				SDKROOT = iphoneos;
				SWIFT_COMPILATION_MODE = wholemodule;
				SWIFT_OPTIMIZATION_LEVEL = "-O";
				VALIDATE_PRODUCT = YES;
			};
			name = Release;
		};
		0225E7B726CE6FC2002DC407 /* Debug */ = {
			isa = XCBuildConfiguration;
			buildSettings = {
				ASSETCATALOG_COMPILER_APPICON_NAME = AppIcon;
				ASSETCATALOG_COMPILER_GLOBAL_ACCENT_COLOR_NAME = AccentColor;
				CODE_SIGN_STYLE = Automatic;
				INFOPLIST_FILE = FindU/Info.plist;
				LD_RUNPATH_SEARCH_PATHS = (
					"$(inherited)",
					"@executable_path/Frameworks",
				);
				PRODUCT_BUNDLE_IDENTIFIER = PKT.FindU;
				PRODUCT_NAME = "$(TARGET_NAME)";
				SWIFT_VERSION = 5.0;
				TARGETED_DEVICE_FAMILY = "1,2";
			};
			name = Debug;
		};
		0225E7B826CE6FC2002DC407 /* Release */ = {
			isa = XCBuildConfiguration;
			buildSettings = {
				ASSETCATALOG_COMPILER_APPICON_NAME = AppIcon;
				ASSETCATALOG_COMPILER_GLOBAL_ACCENT_COLOR_NAME = AccentColor;
				CODE_SIGN_STYLE = Automatic;
				INFOPLIST_FILE = FindU/Info.plist;
				LD_RUNPATH_SEARCH_PATHS = (
					"$(inherited)",
					"@executable_path/Frameworks",
				);
				PRODUCT_BUNDLE_IDENTIFIER = PKT.FindU;
				PRODUCT_NAME = "$(TARGET_NAME)";
				SWIFT_VERSION = 5.0;
				TARGETED_DEVICE_FAMILY = "1,2";
			};
			name = Release;
		};
/* End XCBuildConfiguration section */

/* Begin XCConfigurationList section */
		0225E79D26CE6FC1002DC407 /* Build configuration list for PBXProject "FindU" */ = {
			isa = XCConfigurationList;
			buildConfigurations = (
				0225E7B426CE6FC2002DC407 /* Debug */,
				0225E7B526CE6FC2002DC407 /* Release */,
			);
			defaultConfigurationIsVisible = 0;
			defaultConfigurationName = Release;
		};
		0225E7B626CE6FC2002DC407 /* Build configuration list for PBXNativeTarget "FindU" */ = {
			isa = XCConfigurationList;
			buildConfigurations = (
				0225E7B726CE6FC2002DC407 /* Debug */,
				0225E7B826CE6FC2002DC407 /* Release */,
			);
			defaultConfigurationIsVisible = 0;
			defaultConfigurationName = Release;
		};
/* End XCConfigurationList section */
	};
	rootObject = 0225E79A26CE6FC1002DC407 /* Project object */;
}
